{
  "name": "beanworks",
  "version": "1.0.0",
  "lockfileVersion": 1,
  "requires": true,
  "dependencies": {
    "oauth": {
      "version": "0.9.15",
      "resolved": "https://registry.npmjs.org/oauth/-/oauth-0.9.15.tgz",
      "integrity": "sha1-vR/vr2hslrdUda7VGWQS/2DPucE="
    },
    "xero-node": {
      "version": "3.0.10",
      "resolved": "https://registry.npmjs.org/xero-node/-/xero-node-3.0.10.tgz",
      "integrity": "sha512-xL+QnVeBB5GATihX2+HYWd81j7gnUobVMdqvrBtZS1DmD/KI4Br0FmbcoB9HSOb2wr6vAkvT8Zuh5Ky+SvI6qw==",
      "requires": {
        "oauth": "^0.9.15"
      }
    }
  }
}
